
Microsoft Visual Studio Solution File, Format Version 12.00
# Visual Studio 15
VisualStudioVersion = 15.0.27004.2005
MinimumVisualStudioVersion = 10.0.40219.1
Project("{8BC9CEB8-8B4A-11D0-8D11-00A0C91BC942}") = "Recorder", "Recorder\Recorder.vcxproj", "{A377A393-13CA-437F-BF6D-56CA46C27622}"
EndProject
Project("{8BC9CEB8-8B4A-11D0-8D11-00A0C91BC942}") = "Tracker", "Tracker\Tracker.vcxproj", "{90E4ADC0-1671-4B1E-8BF2-274A0D3DDACF}"
EndProject
Project("{8BC9CEB8-8B4A-11D0-8D11-00A0C91BC942}") = "Preprocessor", "Preprocessor\Preprocessor.vcxproj", "{7A742A7D-5BE9-463F-92C8-CE66FD23475D}"
EndProject
Project("{8BC9CEB8-8B4A-11D0-8D11-00A0C91BC942}") = "Viewer", "Viewer\Viewer.vcxproj", "{5C216609-63FC-4A55-91D3-83D815D0496F}"
EndProject
Project("{2150E333-8FDC-42A3-9474-1A3956D46DE8}") = "Solution Items", "Solution Items", "{578E40FE-B275-4B2E-AC8C-A61949B64403}"
	ProjectSection(SolutionItems) = preProject
		LICENSE.txt = LICENSE.txt
		README.rst = README.rst
	EndProjectSection
EndProject
Project("{8BC9CEB8-8B4A-11D0-8D11-00A0C91BC942}") = "Rosbag2Rgbd", "Rosbag2Rgbd\Rosbag2Rgbd.vcxproj", "{D34A72AF-A2E8-40CD-8CA9-DD053458FAB5}"
EndProject
Global
	GlobalSection(SolutionConfigurationPlatforms) = preSolution
		D400|x64 = D400|x64
		D400|x86 = D400|x86
		Debug|x64 = Debug|x64
		Debug|x86 = Debug|x86
		Kinect1|x64 = Kinect1|x64
		Kinect1|x86 = Kinect1|x86
		R200_1920x1080|x64 = R200_1920x1080|x64
		R200_1920x1080|x86 = R200_1920x1080|x86
		R200_640x480_TTL|x64 = R200_640x480_TTL|x64
		R200_640x480_TTL|x86 = R200_640x480_TTL|x86
		R200_640x480|x64 = R200_640x480|x64
		R200_640x480|x86 = R200_640x480|x86
		Release|x64 = Release|x64
		Release|x86 = Release|x86
	EndGlobalSection
	GlobalSection(ProjectConfigurationPlatforms) = postSolution
		{A377A393-13CA-437F-BF6D-56CA46C27622}.D400|x64.ActiveCfg = D400|x64
		{A377A393-13CA-437F-BF6D-56CA46C27622}.D400|x64.Build.0 = D400|x64
		{A377A393-13CA-437F-BF6D-56CA46C27622}.D400|x86.ActiveCfg = D400|Win32
		{A377A393-13CA-437F-BF6D-56CA46C27622}.D400|x86.Build.0 = D400|Win32
		{A377A393-13CA-437F-BF6D-56CA46C27622}.Debug|x64.ActiveCfg = Debug|x64
		{A377A393-13CA-437F-BF6D-56CA46C27622}.Debug|x64.Build.0 = Debug|x64
		{A377A393-13CA-437F-BF6D-56CA46C27622}.Debug|x86.ActiveCfg = Debug|Win32
		{A377A393-13CA-437F-BF6D-56CA46C27622}.Debug|x86.Build.0 = Debug|Win32
		{A377A393-13CA-437F-BF6D-56CA46C27622}.Kinect1|x64.ActiveCfg = Kinect1|x64
		{A377A393-13CA-437F-BF6D-56CA46C27622}.Kinect1|x64.Build.0 = Kinect1|x64
		{A377A393-13CA-437F-BF6D-56CA46C27622}.Kinect1|x86.ActiveCfg = Kinect1|Win32
		{A377A393-13CA-437F-BF6D-56CA46C27622}.Kinect1|x86.Build.0 = Kinect1|Win32
		{A377A393-13CA-437F-BF6D-56CA46C27622}.R200_1920x1080|x64.ActiveCfg = R200_1920x1080|x64
		{A377A393-13CA-437F-BF6D-56CA46C27622}.R200_1920x1080|x64.Build.0 = R200_1920x1080|x64
		{A377A393-13CA-437F-BF6D-56CA46C27622}.R200_1920x1080|x86.ActiveCfg = R200_1920x1080|Win32
		{A377A393-13CA-437F-BF6D-56CA46C27622}.R200_1920x1080|x86.Build.0 = R200_1920x1080|Win32
		{A377A393-13CA-437F-BF6D-56CA46C27622}.R200_640x480_TTL|x64.ActiveCfg = R200_640x480_TTL|x64
		{A377A393-13CA-437F-BF6D-56CA46C27622}.R200_640x480_TTL|x64.Build.0 = R200_640x480_TTL|x64
		{A377A393-13CA-437F-BF6D-56CA46C27622}.R200_640x480_TTL|x86.ActiveCfg = R200_640x480_TTL|Win32
		{A377A393-13CA-437F-BF6D-56CA46C27622}.R200_640x480_TTL|x86.Build.0 = R200_640x480_TTL|Win32
		{A377A393-13CA-437F-BF6D-56CA46C27622}.R200_640x480|x64.ActiveCfg = R200_640x480|x64
		{A377A393-13CA-437F-BF6D-56CA46C27622}.R200_640x480|x64.Build.0 = R200_640x480|x64
		{A377A393-13CA-437F-BF6D-56CA46C27622}.R200_640x480|x86.ActiveCfg = R200_640x480|Win32
		{A377A393-13CA-437F-BF6D-56CA46C27622}.R200_640x480|x86.Build.0 = R200_640x480|Win32
		{A377A393-13CA-437F-BF6D-56CA46C27622}.Release|x64.ActiveCfg = R200_640x480|x64
		{A377A393-13CA-437F-BF6D-56CA46C27622}.Release|x64.Build.0 = R200_640x480|x64
		{A377A393-13CA-437F-BF6D-56CA46C27622}.Release|x86.ActiveCfg = Release|Win32
		{A377A393-13CA-437F-BF6D-56CA46C27622}.Release|x86.Build.0 = Release|Win32
		{90E4ADC0-1671-4B1E-8BF2-274A0D3DDACF}.D400|x64.ActiveCfg = Release|x64
		{90E4ADC0-1671-4B1E-8BF2-274A0D3DDACF}.D400|x64.Build.0 = Release|x64
		{90E4ADC0-1671-4B1E-8BF2-274A0D3DDACF}.D400|x86.ActiveCfg = Debug|Win32
		{90E4ADC0-1671-4B1E-8BF2-274A0D3DDACF}.D400|x86.Build.0 = Debug|Win32
		{90E4ADC0-1671-4B1E-8BF2-274A0D3DDACF}.Debug|x64.ActiveCfg = Debug|x64
		{90E4ADC0-1671-4B1E-8BF2-274A0D3DDACF}.Debug|x64.Build.0 = Debug|x64
		{90E4ADC0-1671-4B1E-8BF2-274A0D3DDACF}.Debug|x86.ActiveCfg = Debug|Win32
		{90E4ADC0-1671-4B1E-8BF2-274A0D3DDACF}.Debug|x86.Build.0 = Debug|Win32
		{90E4ADC0-1671-4B1E-8BF2-274A0D3DDACF}.Kinect1|x64.ActiveCfg = Release|x64
		{90E4ADC0-1671-4B1E-8BF2-274A0D3DDACF}.Kinect1|x64.Build.0 = Release|x64
		{90E4ADC0-1671-4B1E-8BF2-274A0D3DDACF}.Kinect1|x64.Deploy.0 = Release|x64
		{90E4ADC0-1671-4B1E-8BF2-274A0D3DDACF}.Kinect1|x86.ActiveCfg = Release|Win32
		{90E4ADC0-1671-4B1E-8BF2-274A0D3DDACF}.Kinect1|x86.Build.0 = Release|Win32
		{90E4ADC0-1671-4B1E-8BF2-274A0D3DDACF}.Kinect1|x86.Deploy.0 = Release|Win32
		{90E4ADC0-1671-4B1E-8BF2-274A0D3DDACF}.R200_1920x1080|x64.ActiveCfg = Release|x64
		{90E4ADC0-1671-4B1E-8BF2-274A0D3DDACF}.R200_1920x1080|x64.Build.0 = Release|x64
		{90E4ADC0-1671-4B1E-8BF2-274A0D3DDACF}.R200_1920x1080|x86.ActiveCfg = Release|Win32
		{90E4ADC0-1671-4B1E-8BF2-274A0D3DDACF}.R200_1920x1080|x86.Build.0 = Release|Win32
		{90E4ADC0-1671-4B1E-8BF2-274A0D3DDACF}.R200_640x480_TTL|x64.ActiveCfg = Release|x64
		{90E4ADC0-1671-4B1E-8BF2-274A0D3DDACF}.R200_640x480_TTL|x64.Build.0 = Release|x64
		{90E4ADC0-1671-4B1E-8BF2-274A0D3DDACF}.R200_640x480_TTL|x86.ActiveCfg = Release|Win32
		{90E4ADC0-1671-4B1E-8BF2-274A0D3DDACF}.R200_640x480_TTL|x86.Build.0 = Release|Win32
		{90E4ADC0-1671-4B1E-8BF2-274A0D3DDACF}.R200_640x480|x64.ActiveCfg = Release|x64
		{90E4ADC0-1671-4B1E-8BF2-274A0D3DDACF}.R200_640x480|x64.Build.0 = Release|x64
		{90E4ADC0-1671-4B1E-8BF2-274A0D3DDACF}.R200_640x480|x64.Deploy.0 = Release|x64
		{90E4ADC0-1671-4B1E-8BF2-274A0D3DDACF}.R200_640x480|x86.ActiveCfg = Release|Win32
		{90E4ADC0-1671-4B1E-8BF2-274A0D3DDACF}.R200_640x480|x86.Build.0 = Release|Win32
		{90E4ADC0-1671-4B1E-8BF2-274A0D3DDACF}.R200_640x480|x86.Deploy.0 = Release|Win32
		{90E4ADC0-1671-4B1E-8BF2-274A0D3DDACF}.Release|x64.ActiveCfg = Release|x64
		{90E4ADC0-1671-4B1E-8BF2-274A0D3DDACF}.Release|x64.Build.0 = Release|x64
		{90E4ADC0-1671-4B1E-8BF2-274A0D3DDACF}.Release|x86.ActiveCfg = Release|Win32
		{90E4ADC0-1671-4B1E-8BF2-274A0D3DDACF}.Release|x86.Build.0 = Release|Win32
		{7A742A7D-5BE9-463F-92C8-CE66FD23475D}.D400|x64.ActiveCfg = Release|x64
		{7A742A7D-5BE9-463F-92C8-CE66FD23475D}.D400|x64.Build.0 = Release|x64
		{7A742A7D-5BE9-463F-92C8-CE66FD23475D}.D400|x86.ActiveCfg = Debug|Win32
		{7A742A7D-5BE9-463F-92C8-CE66FD23475D}.D400|x86.Build.0 = Debug|Win32
		{7A742A7D-5BE9-463F-92C8-CE66FD23475D}.Debug|x64.ActiveCfg = Debug|x64
		{7A742A7D-5BE9-463F-92C8-CE66FD23475D}.Debug|x64.Build.0 = Debug|x64
		{7A742A7D-5BE9-463F-92C8-CE66FD23475D}.Debug|x86.ActiveCfg = Debug|Win32
		{7A742A7D-5BE9-463F-92C8-CE66FD23475D}.Debug|x86.Build.0 = Debug|Win32
		{7A742A7D-5BE9-463F-92C8-CE66FD23475D}.Kinect1|x64.ActiveCfg = Release|x64
		{7A742A7D-5BE9-463F-92C8-CE66FD23475D}.Kinect1|x64.Build.0 = Release|x64
		{7A742A7D-5BE9-463F-92C8-CE66FD23475D}.Kinect1|x64.Deploy.0 = Release|x64
		{7A742A7D-5BE9-463F-92C8-CE66FD23475D}.Kinect1|x86.ActiveCfg = Release|Win32
		{7A742A7D-5BE9-463F-92C8-CE66FD23475D}.Kinect1|x86.Build.0 = Release|Win32
		{7A742A7D-5BE9-463F-92C8-CE66FD23475D}.Kinect1|x86.Deploy.0 = Release|Win32
		{7A742A7D-5BE9-463F-92C8-CE66FD23475D}.R200_1920x1080|x64.ActiveCfg = Release|x64
		{7A742A7D-5BE9-463F-92C8-CE66FD23475D}.R200_1920x1080|x64.Build.0 = Release|x64
		{7A742A7D-5BE9-463F-92C8-CE66FD23475D}.R200_1920x1080|x86.ActiveCfg = Release|Win32
		{7A742A7D-5BE9-463F-92C8-CE66FD23475D}.R200_1920x1080|x86.Build.0 = Release|Win32
		{7A742A7D-5BE9-463F-92C8-CE66FD23475D}.R200_640x480_TTL|x64.ActiveCfg = Release|x64
		{7A742A7D-5BE9-463F-92C8-CE66FD23475D}.R200_640x480_TTL|x64.Build.0 = Release|x64
		{7A742A7D-5BE9-463F-92C8-CE66FD23475D}.R200_640x480_TTL|x86.ActiveCfg = Release|Win32
		{7A742A7D-5BE9-463F-92C8-CE66FD23475D}.R200_640x480_TTL|x86.Build.0 = Release|Win32
		{7A742A7D-5BE9-463F-92C8-CE66FD23475D}.R200_640x480|x64.ActiveCfg = Release|x64
		{7A742A7D-5BE9-463F-92C8-CE66FD23475D}.R200_640x480|x64.Build.0 = Release|x64
		{7A742A7D-5BE9-463F-92C8-CE66FD23475D}.R200_640x480|x64.Deploy.0 = Release|x64
		{7A742A7D-5BE9-463F-92C8-CE66FD23475D}.R200_640x480|x86.ActiveCfg = Release|Win32
		{7A742A7D-5BE9-463F-92C8-CE66FD23475D}.R200_640x480|x86.Build.0 = Release|Win32
		{7A742A7D-5BE9-463F-92C8-CE66FD23475D}.R200_640x480|x86.Deploy.0 = Release|Win32
		{7A742A7D-5BE9-463F-92C8-CE66FD23475D}.Release|x64.ActiveCfg = Release|x64
		{7A742A7D-5BE9-463F-92C8-CE66FD23475D}.Release|x64.Build.0 = Release|x64
		{7A742A7D-5BE9-463F-92C8-CE66FD23475D}.Release|x86.ActiveCfg = Release|Win32
		{7A742A7D-5BE9-463F-92C8-CE66FD23475D}.Release|x86.Build.0 = Release|Win32
		{5C216609-63FC-4A55-91D3-83D815D0496F}.D400|x64.ActiveCfg = Release|x64
		{5C216609-63FC-4A55-91D3-83D815D0496F}.D400|x64.Build.0 = Release|x64
		{5C216609-63FC-4A55-91D3-83D815D0496F}.D400|x86.ActiveCfg = Debug|Win32
		{5C216609-63FC-4A55-91D3-83D815D0496F}.D400|x86.Build.0 = Debug|Win32
		{5C216609-63FC-4A55-91D3-83D815D0496F}.Debug|x64.ActiveCfg = Debug|x64
		{5C216609-63FC-4A55-91D3-83D815D0496F}.Debug|x64.Build.0 = Debug|x64
		{5C216609-63FC-4A55-91D3-83D815D0496F}.Debug|x86.ActiveCfg = Debug|Win32
		{5C216609-63FC-4A55-91D3-83D815D0496F}.Debug|x86.Build.0 = Debug|Win32
		{5C216609-63FC-4A55-91D3-83D815D0496F}.Kinect1|x64.ActiveCfg = Release|x64
		{5C216609-63FC-4A55-91D3-83D815D0496F}.Kinect1|x64.Build.0 = Release|x64
		{5C216609-63FC-4A55-91D3-83D815D0496F}.Kinect1|x64.Deploy.0 = Release|x64
		{5C216609-63FC-4A55-91D3-83D815D0496F}.Kinect1|x86.ActiveCfg = Release|Win32
		{5C216609-63FC-4A55-91D3-83D815D0496F}.Kinect1|x86.Build.0 = Release|Win32
		{5C216609-63FC-4A55-91D3-83D815D0496F}.Kinect1|x86.Deploy.0 = Release|Win32
		{5C216609-63FC-4A55-91D3-83D815D0496F}.R200_1920x1080|x64.ActiveCfg = Release|x64
		{5C216609-63FC-4A55-91D3-83D815D0496F}.R200_1920x1080|x64.Build.0 = Release|x64
		{5C216609-63FC-4A55-91D3-83D815D0496F}.R200_1920x1080|x64.Deploy.0 = Release|x64
		{5C216609-63FC-4A55-91D3-83D815D0496F}.R200_1920x1080|x86.ActiveCfg = Release|Win32
		{5C216609-63FC-4A55-91D3-83D815D0496F}.R200_1920x1080|x86.Build.0 = Release|Win32
		{5C216609-63FC-4A55-91D3-83D815D0496F}.R200_1920x1080|x86.Deploy.0 = Release|Win32
		{5C216609-63FC-4A55-91D3-83D815D0496F}.R200_640x480_TTL|x64.ActiveCfg = Release|x64
		{5C216609-63FC-4A55-91D3-83D815D0496F}.R200_640x480_TTL|x64.Build.0 = Release|x64
		{5C216609-63FC-4A55-91D3-83D815D0496F}.R200_640x480_TTL|x86.ActiveCfg = Release|Win32
		{5C216609-63FC-4A55-91D3-83D815D0496F}.R200_640x480_TTL|x86.Build.0 = Release|Win32
		{5C216609-63FC-4A55-91D3-83D815D0496F}.R200_640x480|x64.ActiveCfg = Release|x64
		{5C216609-63FC-4A55-91D3-83D815D0496F}.R200_640x480|x64.Build.0 = Release|x64
		{5C216609-63FC-4A55-91D3-83D815D0496F}.R200_640x480|x64.Deploy.0 = Release|x64
		{5C216609-63FC-4A55-91D3-83D815D0496F}.R200_640x480|x86.ActiveCfg = Release|Win32
		{5C216609-63FC-4A55-91D3-83D815D0496F}.R200_640x480|x86.Build.0 = Release|Win32
		{5C216609-63FC-4A55-91D3-83D815D0496F}.R200_640x480|x86.Deploy.0 = Release|Win32
		{5C216609-63FC-4A55-91D3-83D815D0496F}.Release|x64.ActiveCfg = Release|x64
		{5C216609-63FC-4A55-91D3-83D815D0496F}.Release|x64.Build.0 = Release|x64
		{5C216609-63FC-4A55-91D3-83D815D0496F}.Release|x86.ActiveCfg = Release|Win32
		{5C216609-63FC-4A55-91D3-83D815D0496F}.Release|x86.Build.0 = Release|Win32
		{D34A72AF-A2E8-40CD-8CA9-DD053458FAB5}.D400|x64.ActiveCfg = Release|x64
		{D34A72AF-A2E8-40CD-8CA9-DD053458FAB5}.D400|x64.Build.0 = Release|x64
		{D34A72AF-A2E8-40CD-8CA9-DD053458FAB5}.D400|x86.ActiveCfg = Debug|Win32
		{D34A72AF-A2E8-40CD-8CA9-DD053458FAB5}.D400|x86.Build.0 = Debug|Win32
		{D34A72AF-A2E8-40CD-8CA9-DD053458FAB5}.Debug|x64.ActiveCfg = Debug|x64
		{D34A72AF-A2E8-40CD-8CA9-DD053458FAB5}.Debug|x64.Build.0 = Debug|x64
		{D34A72AF-A2E8-40CD-8CA9-DD053458FAB5}.Debug|x86.ActiveCfg = Debug|Win32
		{D34A72AF-A2E8-40CD-8CA9-DD053458FAB5}.Debug|x86.Build.0 = Debug|Win32
		{D34A72AF-A2E8-40CD-8CA9-DD053458FAB5}.Kinect1|x64.ActiveCfg = Release|x64
		{D34A72AF-A2E8-40CD-8CA9-DD053458FAB5}.Kinect1|x64.Build.0 = Release|x64
		{D34A72AF-A2E8-40CD-8CA9-DD053458FAB5}.Kinect1|x86.ActiveCfg = Release|Win32
		{D34A72AF-A2E8-40CD-8CA9-DD053458FAB5}.Kinect1|x86.Build.0 = Release|Win32
		{D34A72AF-A2E8-40CD-8CA9-DD053458FAB5}.R200_1920x1080|x64.ActiveCfg = Release|x64
		{D34A72AF-A2E8-40CD-8CA9-DD053458FAB5}.R200_1920x1080|x64.Build.0 = Release|x64
		{D34A72AF-A2E8-40CD-8CA9-DD053458FAB5}.R200_1920x1080|x86.ActiveCfg = Release|Win32
		{D34A72AF-A2E8-40CD-8CA9-DD053458FAB5}.R200_1920x1080|x86.Build.0 = Release|Win32
		{D34A72AF-A2E8-40CD-8CA9-DD053458FAB5}.R200_640x480_TTL|x64.ActiveCfg = Release|x64
		{D34A72AF-A2E8-40CD-8CA9-DD053458FAB5}.R200_640x480_TTL|x64.Build.0 = Release|x64
		{D34A72AF-A2E8-40CD-8CA9-DD053458FAB5}.R200_640x480_TTL|x86.ActiveCfg = Release|Win32
		{D34A72AF-A2E8-40CD-8CA9-DD053458FAB5}.R200_640x480_TTL|x86.Build.0 = Release|Win32
		{D34A72AF-A2E8-40CD-8CA9-DD053458FAB5}.R200_640x480|x64.ActiveCfg = Release|x64
		{D34A72AF-A2E8-40CD-8CA9-DD053458FAB5}.R200_640x480|x64.Build.0 = Release|x64
		{D34A72AF-A2E8-40CD-8CA9-DD053458FAB5}.R200_640x480|x86.ActiveCfg = Release|Win32
		{D34A72AF-A2E8-40CD-8CA9-DD053458FAB5}.R200_640x480|x86.Build.0 = Release|Win32
		{D34A72AF-A2E8-40CD-8CA9-DD053458FAB5}.Release|x64.ActiveCfg = Release|x64
		{D34A72AF-A2E8-40CD-8CA9-DD053458FAB5}.Release|x64.Build.0 = Release|x64
		{D34A72AF-A2E8-40CD-8CA9-DD053458FAB5}.Release|x86.ActiveCfg = Release|Win32
		{D34A72AF-A2E8-40CD-8CA9-DD053458FAB5}.Release|x86.Build.0 = Release|Win32
	EndGlobalSection
	GlobalSection(SolutionProperties) = preSolution
		HideSolutionNode = FALSE
	EndGlobalSection
	GlobalSection(ExtensibilityGlobals) = postSolution
		SolutionGuid = {DB6D45FA-E7DE-4392-8C1D-DFBAEB116183}
	EndGlobalSection
EndGlobal
